// !$*UTF8*$!
{
	archiveVersion = 1;
	classes = {
	};
	objectVersion = 46;
	objects = {

/* Begin PBXBuildFile section */
		D31CAD9E286FD1F3D3D423D2 /* Pods_Story_Time.framework in Frameworks */ = {isa = PBXBuildFile; fileRef = AB473DA95869A2E5B0540DF3 /* Pods_Story_Time.framework */; };
		E78C50331F0CD5D90034226F /* AppDelegate.swift in Sources */ = {isa = PBXBuildFile; fileRef = E78C50321F0CD5D90034226F /* AppDelegate.swift */; };
		E78C50351F0CD5D90034226F /* SignUpController.swift in Sources */ = {isa = PBXBuildFile; fileRef = E78C50341F0CD5D90034226F /* SignUpController.swift */; };
		E7C556171F0F29A500867FFA /* MainTabBarController.swift in Sources */ = {isa = PBXBuildFile; fileRef = E7C556161F0F29A500867FFA /* MainTabBarController.swift */; };
		E7C556191F0F2A7A00867FFA /* UserProfileController.swift in Sources */ = {isa = PBXBuildFile; fileRef = E7C556181F0F2A7A00867FFA /* UserProfileController.swift */; };
		E7C5561C1F1032EB00867FFA /* UserProfileHeader.swift in Sources */ = {isa = PBXBuildFile; fileRef = E7C5561B1F1032EB00867FFA /* UserProfileHeader.swift */; };
		E7C5561E1F10C94000867FFA /* LoginController.swift in Sources */ = {isa = PBXBuildFile; fileRef = E7C5561D1F10C94000867FFA /* LoginController.swift */; };
		E7C556221F11A4DD00867FFA /* VideoSelectorController.swift in Sources */ = {isa = PBXBuildFile; fileRef = E7C556211F11A4DD00867FFA /* VideoSelectorController.swift */; };
		FE03F3761F374EAF00C9C1D2 /* Post.swift in Sources */ = {isa = PBXBuildFile; fileRef = FE03F3751F374EAF00C9C1D2 /* Post.swift */; };
		FE074026203A7E77000A7536 /* NeoSans-Black.otf in Resources */ = {isa = PBXBuildFile; fileRef = FE074024203A7E56000A7536 /* NeoSans-Black.otf */; };
		FE074027203A7E77000A7536 /* NeoSans-BlackItalic.otf in Resources */ = {isa = PBXBuildFile; fileRef = FE07401E203A7E52000A7536 /* NeoSans-BlackItalic.otf */; };
		FE074028203A7E77000A7536 /* NeoSans-Bold.otf in Resources */ = {isa = PBXBuildFile; fileRef = FE07401A203A7E4F000A7536 /* NeoSans-Bold.otf */; };
		FE074029203A7E77000A7536 /* NeoSans-BoldItalic.otf in Resources */ = {isa = PBXBuildFile; fileRef = FE074022203A7E56000A7536 /* NeoSans-BoldItalic.otf */; };
		FE07402A203A7E77000A7536 /* NeoSans-Italic.otf in Resources */ = {isa = PBXBuildFile; fileRef = FE074025203A7E57000A7536 /* NeoSans-Italic.otf */; };
		FE07402B203A7E77000A7536 /* NeoSans-Light.otf in Resources */ = {isa = PBXBuildFile; fileRef = FE074023203A7E56000A7536 /* NeoSans-Light.otf */; };
		FE07402C203A7E77000A7536 /* NeoSans-LightItalic.otf in Resources */ = {isa = PBXBuildFile; fileRef = FE07401C203A7E50000A7536 /* NeoSans-LightItalic.otf */; };
		FE07402D203A7E77000A7536 /* NeoSans-Medium.otf in Resources */ = {isa = PBXBuildFile; fileRef = FE074021203A7E53000A7536 /* NeoSans-Medium.otf */; };
		FE07402E203A7E77000A7536 /* NeoSans-MediumItalic.otf in Resources */ = {isa = PBXBuildFile; fileRef = FE07401B203A7E50000A7536 /* NeoSans-MediumItalic.otf */; };
		FE07402F203A7E77000A7536 /* NeoSans.otf in Resources */ = {isa = PBXBuildFile; fileRef = FE07401D203A7E51000A7536 /* NeoSans.otf */; };
		FE074030203A7E77000A7536 /* NeoSansStd-Light.otf in Resources */ = {isa = PBXBuildFile; fileRef = FE074020203A7E53000A7536 /* NeoSansStd-Light.otf */; };
		FE074031203A7E77000A7536 /* NeoSansStd-Regular.otf in Resources */ = {isa = PBXBuildFile; fileRef = FE07401F203A7E52000A7536 /* NeoSansStd-Regular.otf */; };
		FE219CFA20388616008166C3 /* Assets.xcassets in Resources */ = {isa = PBXBuildFile; fileRef = FE219CF920388616008166C3 /* Assets.xcassets */; };
		FE219D042038AF03008166C3 /* MessageComposer.swift in Sources */ = {isa = PBXBuildFile; fileRef = FE219D032038AF03008166C3 /* MessageComposer.swift */; };
		FE5B53F81F39339E00B09CDE /* HomeController.swift in Sources */ = {isa = PBXBuildFile; fileRef = FE5B53F71F39339E00B09CDE /* HomeController.swift */; };
		FE5B53FB1F393EB500B09CDE /* HomePostCell.swift in Sources */ = {isa = PBXBuildFile; fileRef = FE5B53F91F3935E000B09CDE /* HomePostCell.swift */; };
		FE66A9F72022BD6D00B193A8 /* HomeControllerVideoPlayer.swift in Sources */ = {isa = PBXBuildFile; fileRef = FE66A9F62022BD6D00B193A8 /* HomeControllerVideoPlayer.swift */; };
		FE6FF0791F3A423F001C3B1A /* CustomImageView.swift in Sources */ = {isa = PBXBuildFile; fileRef = FE6FF0781F3A423F001C3B1A /* CustomImageView.swift */; };
		FE70E5141F60D9E600AF4D50 /* ExploreCell.swift in Sources */ = {isa = PBXBuildFile; fileRef = FE70E5131F60D9E600AF4D50 /* ExploreCell.swift */; };
		FE7A2DB51F2F86A0002C79F2 /* UserProfileVideoCell.swift in Sources */ = {isa = PBXBuildFile; fileRef = FE7A2DB41F2F86A0002C79F2 /* UserProfileVideoCell.swift */; };
		FE7C87A2209344B70031576B /* ExploreVideoPlayerController.swift in Sources */ = {isa = PBXBuildFile; fileRef = FE7C87A1209344B70031576B /* ExploreVideoPlayerController.swift */; };
		FE84C06D2099E558009F1790 /* Launch_Screen.storyboard in Resources */ = {isa = PBXBuildFile; fileRef = FE84C06C2099E557009F1790 /* Launch_Screen.storyboard */; };
		FE9470DD1F54A68900F0E45F /* UserSearchCV.swift in Sources */ = {isa = PBXBuildFile; fileRef = FE9470DC1F54A68900F0E45F /* UserSearchCV.swift */; };
		FE9470E11F54D94A00F0E45F /* UserSearchCVCell.swift in Sources */ = {isa = PBXBuildFile; fileRef = FE9470E01F54D94A00F0E45F /* UserSearchCVCell.swift */; };
		FE9470E31F55318200F0E45F /* Global.swift in Sources */ = {isa = PBXBuildFile; fileRef = FE9470E21F55318200F0E45F /* Global.swift */; };
		FEA0AD4D20E24442001826D2 /* Main.storyboard in Resources */ = {isa = PBXBuildFile; fileRef = FEA0AD4C20E24442001826D2 /* Main.storyboard */; };
		FEA0AD4F20E688F5001826D2 /* UserProfileVideoPlayer.swift in Sources */ = {isa = PBXBuildFile; fileRef = FEA0AD4E20E688F5001826D2 /* UserProfileVideoPlayer.swift */; };
		FEA9F2CE1F51E58C0022A939 /* User.swift in Sources */ = {isa = PBXBuildFile; fileRef = FEA9F2CD1F51E58C0022A939 /* User.swift */; };
		FEA9F2D01F51EE2F0022A939 /* FirebaseUtils.swift in Sources */ = {isa = PBXBuildFile; fileRef = FEA9F2CF1F51EE2F0022A939 /* FirebaseUtils.swift */; };
		FEA9F2D41F51F1010022A939 /* UserSearchController.swift in Sources */ = {isa = PBXBuildFile; fileRef = FEA9F2D31F51F1010022A939 /* UserSearchController.swift */; };
		FEBB7C41201D71C100ACD87A /* HomeControllerHeader.swift in Sources */ = {isa = PBXBuildFile; fileRef = FEBB7C40201D71C100ACD87A /* HomeControllerHeader.swift */; };
		FEBB7C43201D71C800ACD87A /* ExploreController.swift in Sources */ = {isa = PBXBuildFile; fileRef = FEBB7C42201D71C800ACD87A /* ExploreController.swift */; };
		FEBB7C48201D73C400ACD87A /* UserDefaults+isFirstLaunch.swift in Sources */ = {isa = PBXBuildFile; fileRef = FEBB7C47201D73C400ACD87A /* UserDefaults+isFirstLaunch.swift */; };
		FEBB7C4A201D73CD00ACD87A /* Constraints.swift in Sources */ = {isa = PBXBuildFile; fileRef = FEBB7C49201D73CD00ACD87A /* Constraints.swift */; };
		FEBB7C4C201D73D700ACD87A /* Date.swift in Sources */ = {isa = PBXBuildFile; fileRef = FEBB7C4B201D73D700ACD87A /* Date.swift */; };
		FEBB7C4E201D73E100ACD87A /* RGB.swift in Sources */ = {isa = PBXBuildFile; fileRef = FEBB7C4D201D73E100ACD87A /* RGB.swift */; };
		FED9D8F921D98FC3005985AE /* GoogleService-Info.plist in Resources */ = {isa = PBXBuildFile; fileRef = FED9D8F821D98FC3005985AE /* GoogleService-Info.plist */; };
		FEF5F0611F390D3600B8A501 /* Docs.strings in Resources */ = {isa = PBXBuildFile; fileRef = FEF5F0601F390D3600B8A501 /* Docs.strings */; };
/* End PBXBuildFile section */

/* Begin PBXFileReference section */
		94B3E636E83195EE000CB30A /* Pods-Story Time.release.xcconfig */ = {isa = PBXFileReference; includeInIndex = 1; lastKnownFileType = text.xcconfig; name = "Pods-Story Time.release.xcconfig"; path = "Pods/Target Support Files/Pods-Story Time/Pods-Story Time.release.xcconfig"; sourceTree = "<group>"; };
		AB473DA95869A2E5B0540DF3 /* Pods_Story_Time.framework */ = {isa = PBXFileReference; explicitFileType = wrapper.framework; includeInIndex = 0; path = Pods_Story_Time.framework; sourceTree = BUILT_PRODUCTS_DIR; };
		E78C502F1F0CD5D90034226F /* Story Time.app */ = {isa = PBXFileReference; explicitFileType = wrapper.application; includeInIndex = 0; path = "Story Time.app"; sourceTree = BUILT_PRODUCTS_DIR; };
		E78C50321F0CD5D90034226F /* AppDelegate.swift */ = {isa = PBXFileReference; lastKnownFileType = sourcecode.swift; path = AppDelegate.swift; sourceTree = "<group>"; };
		E78C50341F0CD5D90034226F /* SignUpController.swift */ = {isa = PBXFileReference; lastKnownFileType = sourcecode.swift; path = SignUpController.swift; sourceTree = "<group>"; };
		E78C503C1F0CD5D90034226F /* Base */ = {isa = PBXFileReference; lastKnownFileType = file.storyboard; name = Base; path = Base.lproj/LaunchScreen.storyboard; sourceTree = "<group>"; };
		E78C503E1F0CD5D90034226F /* Info.plist */ = {isa = PBXFileReference; lastKnownFileType = text.plist.xml; name = Info.plist; path = "../Story Time/Info.plist"; sourceTree = "<group>"; };
		E7C556161F0F29A500867FFA /* MainTabBarController.swift */ = {isa = PBXFileReference; fileEncoding = 4; lastKnownFileType = sourcecode.swift; path = MainTabBarController.swift; sourceTree = "<group>"; };
		E7C556181F0F2A7A00867FFA /* UserProfileController.swift */ = {isa = PBXFileReference; fileEncoding = 4; lastKnownFileType = sourcecode.swift; path = UserProfileController.swift; sourceTree = "<group>"; };
		E7C5561B1F1032EB00867FFA /* UserProfileHeader.swift */ = {isa = PBXFileReference; fileEncoding = 4; lastKnownFileType = sourcecode.swift; path = UserProfileHeader.swift; sourceTree = "<group>"; };
		E7C5561D1F10C94000867FFA /* LoginController.swift */ = {isa = PBXFileReference; fileEncoding = 4; lastKnownFileType = sourcecode.swift; path = LoginController.swift; sourceTree = "<group>"; };
		E7C556211F11A4DD00867FFA /* VideoSelectorController.swift */ = {isa = PBXFileReference; fileEncoding = 4; lastKnownFileType = sourcecode.swift; path = VideoSelectorController.swift; sourceTree = "<group>"; };
		E8E8DD054DBEDFBCF8460568 /* Pods-Story Time.debug.xcconfig */ = {isa = PBXFileReference; includeInIndex = 1; lastKnownFileType = text.xcconfig; name = "Pods-Story Time.debug.xcconfig"; path = "Pods/Target Support Files/Pods-Story Time/Pods-Story Time.debug.xcconfig"; sourceTree = "<group>"; };
		FE03F3751F374EAF00C9C1D2 /* Post.swift */ = {isa = PBXFileReference; fileEncoding = 4; lastKnownFileType = sourcecode.swift; path = Post.swift; sourceTree = "<group>"; };
		FE07401A203A7E4F000A7536 /* NeoSans-Bold.otf */ = {isa = PBXFileReference; lastKnownFileType = file; path = "NeoSans-Bold.otf"; sourceTree = "<group>"; };
		FE07401B203A7E50000A7536 /* NeoSans-MediumItalic.otf */ = {isa = PBXFileReference; lastKnownFileType = file; path = "NeoSans-MediumItalic.otf"; sourceTree = "<group>"; };
		FE07401C203A7E50000A7536 /* NeoSans-LightItalic.otf */ = {isa = PBXFileReference; lastKnownFileType = file; path = "NeoSans-LightItalic.otf"; sourceTree = "<group>"; };
		FE07401D203A7E51000A7536 /* NeoSans.otf */ = {isa = PBXFileReference; lastKnownFileType = file; path = NeoSans.otf; sourceTree = "<group>"; };
		FE07401E203A7E52000A7536 /* NeoSans-BlackItalic.otf */ = {isa = PBXFileReference; lastKnownFileType = file; path = "NeoSans-BlackItalic.otf"; sourceTree = "<group>"; };
		FE07401F203A7E52000A7536 /* NeoSansStd-Regular.otf */ = {isa = PBXFileReference; lastKnownFileType = file; path = "NeoSansStd-Regular.otf"; sourceTree = "<group>"; };
		FE074020203A7E53000A7536 /* NeoSansStd-Light.otf */ = {isa = PBXFileReference; lastKnownFileType = file; path = "NeoSansStd-Light.otf"; sourceTree = "<group>"; };
		FE074021203A7E53000A7536 /* NeoSans-Medium.otf */ = {isa = PBXFileReference; lastKnownFileType = file; path = "NeoSans-Medium.otf"; sourceTree = "<group>"; };
		FE074022203A7E56000A7536 /* NeoSans-BoldItalic.otf */ = {isa = PBXFileReference; lastKnownFileType = file; path = "NeoSans-BoldItalic.otf"; sourceTree = "<group>"; };
		FE074023203A7E56000A7536 /* NeoSans-Light.otf */ = {isa = PBXFileReference; lastKnownFileType = file; path = "NeoSans-Light.otf"; sourceTree = "<group>"; };
		FE074024203A7E56000A7536 /* NeoSans-Black.otf */ = {isa = PBXFileReference; lastKnownFileType = file; path = "NeoSans-Black.otf"; sourceTree = "<group>"; };
		FE074025203A7E57000A7536 /* NeoSans-Italic.otf */ = {isa = PBXFileReference; lastKnownFileType = file; path = "NeoSans-Italic.otf"; sourceTree = "<group>"; };
		FE219CF920388616008166C3 /* Assets.xcassets */ = {isa = PBXFileReference; lastKnownFileType = folder.assetcatalog; path = Assets.xcassets; sourceTree = "<group>"; };
		FE219D032038AF03008166C3 /* MessageComposer.swift */ = {isa = PBXFileReference; lastKnownFileType = sourcecode.swift; path = MessageComposer.swift; sourceTree = "<group>"; };
		FE5B53F71F39339E00B09CDE /* HomeController.swift */ = {isa = PBXFileReference; fileEncoding = 4; lastKnownFileType = sourcecode.swift; path = HomeController.swift; sourceTree = "<group>"; };
		FE5B53F91F3935E000B09CDE /* HomePostCell.swift */ = {isa = PBXFileReference; fileEncoding = 4; lastKnownFileType = sourcecode.swift; path = HomePostCell.swift; sourceTree = "<group>"; };
		FE66A9F62022BD6D00B193A8 /* HomeControllerVideoPlayer.swift */ = {isa = PBXFileReference; lastKnownFileType = sourcecode.swift; path = HomeControllerVideoPlayer.swift; sourceTree = "<group>"; };
		FE6FF0781F3A423F001C3B1A /* CustomImageView.swift */ = {isa = PBXFileReference; fileEncoding = 4; lastKnownFileType = sourcecode.swift; path = CustomImageView.swift; sourceTree = "<group>"; };
		FE70E5131F60D9E600AF4D50 /* ExploreCell.swift */ = {isa = PBXFileReference; fileEncoding = 4; lastKnownFileType = sourcecode.swift; path = ExploreCell.swift; sourceTree = "<group>"; };
		FE7A2DB41F2F86A0002C79F2 /* UserProfileVideoCell.swift */ = {isa = PBXFileReference; fileEncoding = 4; lastKnownFileType = sourcecode.swift; path = UserProfileVideoCell.swift; sourceTree = "<group>"; };
		FE7C87A1209344B70031576B /* ExploreVideoPlayerController.swift */ = {isa = PBXFileReference; lastKnownFileType = sourcecode.swift; path = ExploreVideoPlayerController.swift; sourceTree = "<group>"; };
		FE84C06C2099E557009F1790 /* Launch_Screen.storyboard */ = {isa = PBXFileReference; lastKnownFileType = file.storyboard; path = Launch_Screen.storyboard; sourceTree = "<group>"; };
		FE9470DC1F54A68900F0E45F /* UserSearchCV.swift */ = {isa = PBXFileReference; fileEncoding = 4; lastKnownFileType = sourcecode.swift; path = UserSearchCV.swift; sourceTree = "<group>"; };
		FE9470E01F54D94A00F0E45F /* UserSearchCVCell.swift */ = {isa = PBXFileReference; fileEncoding = 4; lastKnownFileType = sourcecode.swift; path = UserSearchCVCell.swift; sourceTree = "<group>"; };
		FE9470E21F55318200F0E45F /* Global.swift */ = {isa = PBXFileReference; fileEncoding = 4; lastKnownFileType = sourcecode.swift; path = Global.swift; sourceTree = "<group>"; };
		FEA0AD4C20E24442001826D2 /* Main.storyboard */ = {isa = PBXFileReference; lastKnownFileType = file.storyboard; path = Main.storyboard; sourceTree = "<group>"; };
		FEA0AD4E20E688F5001826D2 /* UserProfileVideoPlayer.swift */ = {isa = PBXFileReference; lastKnownFileType = sourcecode.swift; path = UserProfileVideoPlayer.swift; sourceTree = "<group>"; };
		FEA9F2CD1F51E58C0022A939 /* User.swift */ = {isa = PBXFileReference; fileEncoding = 4; lastKnownFileType = sourcecode.swift; path = User.swift; sourceTree = "<group>"; };
		FEA9F2CF1F51EE2F0022A939 /* FirebaseUtils.swift */ = {isa = PBXFileReference; fileEncoding = 4; lastKnownFileType = sourcecode.swift; path = FirebaseUtils.swift; sourceTree = "<group>"; };
		FEA9F2D31F51F1010022A939 /* UserSearchController.swift */ = {isa = PBXFileReference; fileEncoding = 4; lastKnownFileType = sourcecode.swift; path = UserSearchController.swift; sourceTree = "<group>"; };
		FEBB7C40201D71C100ACD87A /* HomeControllerHeader.swift */ = {isa = PBXFileReference; fileEncoding = 4; lastKnownFileType = sourcecode.swift; path = HomeControllerHeader.swift; sourceTree = "<group>"; };
		FEBB7C42201D71C800ACD87A /* ExploreController.swift */ = {isa = PBXFileReference; fileEncoding = 4; lastKnownFileType = sourcecode.swift; path = ExploreController.swift; sourceTree = "<group>"; };
		FEBB7C47201D73C400ACD87A /* UserDefaults+isFirstLaunch.swift */ = {isa = PBXFileReference; fileEncoding = 4; lastKnownFileType = sourcecode.swift; path = "UserDefaults+isFirstLaunch.swift"; sourceTree = "<group>"; };
		FEBB7C49201D73CD00ACD87A /* Constraints.swift */ = {isa = PBXFileReference; fileEncoding = 4; lastKnownFileType = sourcecode.swift; path = Constraints.swift; sourceTree = "<group>"; };
		FEBB7C4B201D73D700ACD87A /* Date.swift */ = {isa = PBXFileReference; fileEncoding = 4; lastKnownFileType = sourcecode.swift; path = Date.swift; sourceTree = "<group>"; };
		FEBB7C4D201D73E100ACD87A /* RGB.swift */ = {isa = PBXFileReference; fileEncoding = 4; lastKnownFileType = sourcecode.swift; path = RGB.swift; sourceTree = "<group>"; };
		FED9D8F821D98FC3005985AE /* GoogleService-Info.plist */ = {isa = PBXFileReference; fileEncoding = 4; lastKnownFileType = text.plist.xml; path = "GoogleService-Info.plist"; sourceTree = "<group>"; };
		FEF5F0601F390D3600B8A501 /* Docs.strings */ = {isa = PBXFileReference; fileEncoding = 4; lastKnownFileType = text.plist.strings; path = Docs.strings; sourceTree = "<group>"; };
/* End PBXFileReference section */

/* Begin PBXFrameworksBuildPhase section */
		E78C502C1F0CD5D90034226F /* Frameworks */ = {
			isa = PBXFrameworksBuildPhase;
			buildActionMask = 2147483647;
			files = (
				D31CAD9E286FD1F3D3D423D2 /* Pods_Story_Time.framework in Frameworks */,
			);
			runOnlyForDeploymentPostprocessing = 0;
		};
/* End PBXFrameworksBuildPhase section */

/* Begin PBXGroup section */
		6E6D2DE4B02D59A5A2BCD01D /* Frameworks */ = {
			isa = PBXGroup;
			children = (
				AB473DA95869A2E5B0540DF3 /* Pods_Story_Time.framework */,
			);
			name = Frameworks;
			sourceTree = "<group>";
		};
		E77CD5E01F0EDF9300BEDCBC /* Utilities */ = {
			isa = PBXGroup;
			children = (
				FE219D032038AF03008166C3 /* MessageComposer.swift */,
				FE6FF0781F3A423F001C3B1A /* CustomImageView.swift */,
				FEA9F2CF1F51EE2F0022A939 /* FirebaseUtils.swift */,
			);
			name = Utilities;
			sourceTree = "<group>";
		};
		E78C50261F0CD5D90034226F = {
			isa = PBXGroup;
			children = (
				E78C50311F0CD5D90034226F /* Story-Time-App */,
				FEF5F0591F390AA600B8A501 /* Resource Files */,
				E78C50301F0CD5D90034226F /* Products */,
				FE968148DED0C2C1694B6E7A /* Pods */,
				6E6D2DE4B02D59A5A2BCD01D /* Frameworks */,
			);
			sourceTree = "<group>";
		};
		E78C50301F0CD5D90034226F /* Products */ = {
			isa = PBXGroup;
			children = (
				E78C502F1F0CD5D90034226F /* Story Time.app */,
			);
			name = Products;
			sourceTree = "<group>";
		};
		E78C50311F0CD5D90034226F /* Story-Time-App */ = {
			isa = PBXGroup;
			children = (
				FEF5F05D1F390CDD00B8A501 /* Singletons */,
				FE03F3741F374E8A00C9C1D2 /* Model */,
				FEE1662521C86917003696AF /* Controller */,
				FEF5F05C1F390B7C00B8A501 /* View */,
				E77CD5E01F0EDF9300BEDCBC /* Utilities */,
				FEBB7C44201D732400ACD87A /* Extensions */,
			);
			name = "Story-Time-App";
			path = "Story Time";
			sourceTree = "<group>";
		};
		E7C5561A1F1032D100867FFA /* UserProfile Views */ = {
			isa = PBXGroup;
			children = (
				E7C5561B1F1032EB00867FFA /* UserProfileHeader.swift */,
				FE7A2DB41F2F86A0002C79F2 /* UserProfileVideoCell.swift */,
			);
			name = "UserProfile Views";
			sourceTree = "<group>";
		};
		E7C5561F1F10C97500867FFA /* Login/SignUp Controllers */ = {
			isa = PBXGroup;
			children = (
				E7C5561D1F10C94000867FFA /* LoginController.swift */,
				E78C50341F0CD5D90034226F /* SignUpController.swift */,
			);
			name = "Login/SignUp Controllers";
			sourceTree = "<group>";
		};
		E7C556201F11A4BB00867FFA /* AddVideo Controllers */ = {
			isa = PBXGroup;
			children = (
				E7C556211F11A4DD00867FFA /* VideoSelectorController.swift */,
			);
			name = "AddVideo Controllers";
			sourceTree = "<group>";
		};
		FE03F3741F374E8A00C9C1D2 /* Model */ = {
			isa = PBXGroup;
			children = (
				FE03F3751F374EAF00C9C1D2 /* Post.swift */,
				FEA9F2CD1F51E58C0022A939 /* User.swift */,
				FE9470E21F55318200F0E45F /* Global.swift */,
			);
			name = Model;
			sourceTree = "<group>";
		};
		FE073FFD203A77AF000A7536 /* Fonts */ = {
			isa = PBXGroup;
			children = (
				FE074019203A7E38000A7536 /* NeoSans */,
			);
			name = Fonts;
			sourceTree = "<group>";
		};
		FE074019203A7E38000A7536 /* NeoSans */ = {
			isa = PBXGroup;
			children = (
				FE074024203A7E56000A7536 /* NeoSans-Black.otf */,
				FE07401E203A7E52000A7536 /* NeoSans-BlackItalic.otf */,
				FE07401A203A7E4F000A7536 /* NeoSans-Bold.otf */,
				FE074022203A7E56000A7536 /* NeoSans-BoldItalic.otf */,
				FE074025203A7E57000A7536 /* NeoSans-Italic.otf */,
				FE074023203A7E56000A7536 /* NeoSans-Light.otf */,
				FE07401C203A7E50000A7536 /* NeoSans-LightItalic.otf */,
				FE074021203A7E53000A7536 /* NeoSans-Medium.otf */,
				FE07401B203A7E50000A7536 /* NeoSans-MediumItalic.otf */,
				FE07401D203A7E51000A7536 /* NeoSans.otf */,
				FE074020203A7E53000A7536 /* NeoSansStd-Light.otf */,
				FE07401F203A7E52000A7536 /* NeoSansStd-Regular.otf */,
			);
			name = NeoSans;
			sourceTree = "<group>";
		};
		FE5B53F61F39337400B09CDE /* Home Views */ = {
			isa = PBXGroup;
			children = (
				FE5B53F91F3935E000B09CDE /* HomePostCell.swift */,
				FEBB7C40201D71C100ACD87A /* HomeControllerHeader.swift */,
			);
			name = "Home Views";
			sourceTree = "<group>";
		};
		FE70E5121F60D9A800AF4D50 /* Explore Views */ = {
			isa = PBXGroup;
			children = (
				FEA9F2D21F51F0DD0022A939 /* Search Views */,
				FE70E5131F60D9E600AF4D50 /* ExploreCell.swift */,
			);
			name = "Explore Views";
			sourceTree = "<group>";
		};
		FE968148DED0C2C1694B6E7A /* Pods */ = {
			isa = PBXGroup;
			children = (
				E8E8DD054DBEDFBCF8460568 /* Pods-Story Time.debug.xcconfig */,
				94B3E636E83195EE000CB30A /* Pods-Story Time.release.xcconfig */,
			);
			name = Pods;
			sourceTree = "<group>";
		};
		FEA9F2D21F51F0DD0022A939 /* Search Views */ = {
			isa = PBXGroup;
			children = (
				FE9470DC1F54A68900F0E45F /* UserSearchCV.swift */,
				FE9470E01F54D94A00F0E45F /* UserSearchCVCell.swift */,
			);
			name = "Search Views";
			sourceTree = "<group>";
		};
		FEBB7C44201D732400ACD87A /* Extensions */ = {
			isa = PBXGroup;
			children = (
				FEBB7C47201D73C400ACD87A /* UserDefaults+isFirstLaunch.swift */,
				FEBB7C49201D73CD00ACD87A /* Constraints.swift */,
				FEBB7C4B201D73D700ACD87A /* Date.swift */,
				FEBB7C4D201D73E100ACD87A /* RGB.swift */,
			);
			path = Extensions;
			sourceTree = "<group>";
		};
		FEE1662521C86917003696AF /* Controller */ = {
			isa = PBXGroup;
			children = (
				E7C5561F1F10C97500867FFA /* Login/SignUp Controllers */,
				FEE1662921C8ED1F003696AF /* User Profile Controllers */,
				FEE1662621C86991003696AF /* Home Controllers */,
				E7C556201F11A4BB00867FFA /* AddVideo Controllers */,
				FEE1662721C86AA8003696AF /* Explore Controllers */,
				E7C556161F0F29A500867FFA /* MainTabBarController.swift */,
			);
			name = Controller;
			sourceTree = "<group>";
		};
		FEE1662621C86991003696AF /* Home Controllers */ = {
			isa = PBXGroup;
			children = (
				FE5B53F71F39339E00B09CDE /* HomeController.swift */,
				FE66A9F62022BD6D00B193A8 /* HomeControllerVideoPlayer.swift */,
			);
			name = "Home Controllers";
			sourceTree = "<group>";
		};
		FEE1662721C86AA8003696AF /* Explore Controllers */ = {
			isa = PBXGroup;
			children = (
				FEE1662821C8EC23003696AF /* Search Controller */,
				FEBB7C42201D71C800ACD87A /* ExploreController.swift */,
				FE7C87A1209344B70031576B /* ExploreVideoPlayerController.swift */,
			);
			name = "Explore Controllers";
			sourceTree = "<group>";
		};
		FEE1662821C8EC23003696AF /* Search Controller */ = {
			isa = PBXGroup;
			children = (
				FEA9F2D31F51F1010022A939 /* UserSearchController.swift */,
			);
			path = "Search Controller";
			sourceTree = "<group>";
		};
		FEE1662921C8ED1F003696AF /* User Profile Controllers */ = {
			isa = PBXGroup;
			children = (
				E7C556181F0F2A7A00867FFA /* UserProfileController.swift */,
				FEA0AD4E20E688F5001826D2 /* UserProfileVideoPlayer.swift */,
			);
			name = "User Profile Controllers";
			sourceTree = "<group>";
		};
		FEF5F0591F390AA600B8A501 /* Resource Files */ = {
			isa = PBXGroup;
			children = (
				FE073FFD203A77AF000A7536 /* Fonts */,
				FE219CF920388616008166C3 /* Assets.xcassets */,
				FEF5F05A1F390B1200B8A501 /* System */,
				FEF5F05B1F390B1C00B8A501 /* Google */,
			);
			name = "Resource Files";
			path = Koala;
			sourceTree = "<group>";
		};
		FEF5F05A1F390B1200B8A501 /* System */ = {
			isa = PBXGroup;
			children = (
				E78C503B1F0CD5D90034226F /* LaunchScreen.storyboard */,
				E78C503E1F0CD5D90034226F /* Info.plist */,
				FE84C06C2099E557009F1790 /* Launch_Screen.storyboard */,
				FEA0AD4C20E24442001826D2 /* Main.storyboard */,
			);
			name = System;
			sourceTree = "<group>";
		};
		FEF5F05B1F390B1C00B8A501 /* Google */ = {
			isa = PBXGroup;
			children = (
				FED9D8F821D98FC3005985AE /* GoogleService-Info.plist */,
			);
			name = Google;
			sourceTree = "<group>";
		};
		FEF5F05C1F390B7C00B8A501 /* View */ = {
			isa = PBXGroup;
			children = (
				FE5B53F61F39337400B09CDE /* Home Views */,
				FE70E5121F60D9A800AF4D50 /* Explore Views */,
				E7C5561A1F1032D100867FFA /* UserProfile Views */,
			);
			name = View;
			sourceTree = "<group>";
		};
		FEF5F05D1F390CDD00B8A501 /* Singletons */ = {
			isa = PBXGroup;
			children = (
				E78C50321F0CD5D90034226F /* AppDelegate.swift */,
				FEF5F0601F390D3600B8A501 /* Docs.strings */,
			);
			name = Singletons;
			sourceTree = "<group>";
		};
/* End PBXGroup section */

/* Begin PBXNativeTarget section */
		E78C502E1F0CD5D90034226F /* Story Time */ = {
			isa = PBXNativeTarget;
			buildConfigurationList = E78C50411F0CD5D90034226F /* Build configuration list for PBXNativeTarget "Story Time" */;
			buildPhases = (
				7FF8583DAE2727140E75C2DE /* [CP] Check Pods Manifest.lock */,
				E78C502B1F0CD5D90034226F /* Sources */,
				E78C502C1F0CD5D90034226F /* Frameworks */,
				E78C502D1F0CD5D90034226F /* Resources */,
				65738BC035616860870A8DE2 /* [CP] Embed Pods Frameworks */,
			);
			buildRules = (
			);
			dependencies = (
			);
			name = "Story Time";
			productName = Koala;
			productReference = E78C502F1F0CD5D90034226F /* Story Time.app */;
			productType = "com.apple.product-type.application";
		};
/* End PBXNativeTarget section */

/* Begin PBXProject section */
		E78C50271F0CD5D90034226F /* Project object */ = {
			isa = PBXProject;
			attributes = {
				LastSwiftUpdateCheck = 0830;
				LastUpgradeCheck = 1000;
				ORGANIZATIONNAME = swift.lang.eu;
				TargetAttributes = {
					E78C502E1F0CD5D90034226F = {
						CreatedOnToolsVersion = 8.3.3;
						DevelopmentTeam = RL292UUN9S;
						LastSwiftMigration = 0910;
						ProvisioningStyle = Automatic;
					};
				};
			};
			buildConfigurationList = E78C502A1F0CD5D90034226F /* Build configuration list for PBXProject "Story Time" */;
			compatibilityVersion = "Xcode 3.2";
			developmentRegion = English;
			hasScannedForEncodings = 0;
			knownRegions = (
				en,
				Base,
			);
			mainGroup = E78C50261F0CD5D90034226F;
			productRefGroup = E78C50301F0CD5D90034226F /* Products */;
			projectDirPath = "";
			projectRoot = "";
			targets = (
				E78C502E1F0CD5D90034226F /* Story Time */,
			);
		};
/* End PBXProject section */

/* Begin PBXResourcesBuildPhase section */
		E78C502D1F0CD5D90034226F /* Resources */ = {
			isa = PBXResourcesBuildPhase;
			buildActionMask = 2147483647;
			files = (
				FE074029203A7E77000A7536 /* NeoSans-BoldItalic.otf in Resources */,
				FE074030203A7E77000A7536 /* NeoSansStd-Light.otf in Resources */,
				FE07402F203A7E77000A7536 /* NeoSans.otf in Resources */,
				FEF5F0611F390D3600B8A501 /* Docs.strings in Resources */,
				FE074026203A7E77000A7536 /* NeoSans-Black.otf in Resources */,
				FE84C06D2099E558009F1790 /* Launch_Screen.storyboard in Resources */,
				FEA0AD4D20E24442001826D2 /* Main.storyboard in Resources */,
				FE07402E203A7E77000A7536 /* NeoSans-MediumItalic.otf in Resources */,
				FE219CFA20388616008166C3 /* Assets.xcassets in Resources */,
				FE074027203A7E77000A7536 /* NeoSans-BlackItalic.otf in Resources */,
				FE07402D203A7E77000A7536 /* NeoSans-Medium.otf in Resources */,
				FE074028203A7E77000A7536 /* NeoSans-Bold.otf in Resources */,
				FED9D8F921D98FC3005985AE /* GoogleService-Info.plist in Resources */,
				FE07402A203A7E77000A7536 /* NeoSans-Italic.otf in Resources */,
				FE07402B203A7E77000A7536 /* NeoSans-Light.otf in Resources */,
				FE074031203A7E77000A7536 /* NeoSansStd-Regular.otf in Resources */,
				FE07402C203A7E77000A7536 /* NeoSans-LightItalic.otf in Resources */,
			);
			runOnlyForDeploymentPostprocessing = 0;
		};
/* End PBXResourcesBuildPhase section */

/* Begin PBXShellScriptBuildPhase section */
		65738BC035616860870A8DE2 /* [CP] Embed Pods Frameworks */ = {
			isa = PBXShellScriptBuildPhase;
			buildActionMask = 2147483647;
			files = (
			);
			inputFileListPaths = (
			);
			inputPaths = (
				"${SRCROOT}/Pods/Target Support Files/Pods-Story Time/Pods-Story Time-frameworks.sh",
				"${BUILT_PRODUCTS_DIR}/GTMSessionFetcher/GTMSessionFetcher.framework",
				"${BUILT_PRODUCTS_DIR}/GoogleUtilities/GoogleUtilities.framework",
				"${BUILT_PRODUCTS_DIR}/leveldb-library/leveldb.framework",
				"${BUILT_PRODUCTS_DIR}/nanopb/nanopb.framework",
			);
			name = "[CP] Embed Pods Frameworks";
			outputFileListPaths = (
			);
			outputPaths = (
				"${TARGET_BUILD_DIR}/${FRAMEWORKS_FOLDER_PATH}/GTMSessionFetcher.framework",
				"${TARGET_BUILD_DIR}/${FRAMEWORKS_FOLDER_PATH}/GoogleUtilities.framework",
				"${TARGET_BUILD_DIR}/${FRAMEWORKS_FOLDER_PATH}/leveldb.framework",
				"${TARGET_BUILD_DIR}/${FRAMEWORKS_FOLDER_PATH}/nanopb.framework",
			);
			runOnlyForDeploymentPostprocessing = 0;
			shellPath = /bin/sh;
			shellScript = "\"${SRCROOT}/Pods/Target Support Files/Pods-Story Time/Pods-Story Time-frameworks.sh\"\n";
			showEnvVarsInLog = 0;
		};
		7FF8583DAE2727140E75C2DE /* [CP] Check Pods Manifest.lock */ = {
			isa = PBXShellScriptBuildPhase;
			buildActionMask = 2147483647;
			files = (
			);
			inputFileListPaths = (
			);
			inputPaths = (
				"${PODS_PODFILE_DIR_PATH}/Podfile.lock",
				"${PODS_ROOT}/Manifest.lock",
			);
			name = "[CP] Check Pods Manifest.lock";
			outputFileListPaths = (
			);
			outputPaths = (
				"$(DERIVED_FILE_DIR)/Pods-Story Time-checkManifestLockResult.txt",
			);
			runOnlyForDeploymentPostprocessing = 0;
			shellPath = /bin/sh;
			shellScript = "diff \"${PODS_PODFILE_DIR_PATH}/Podfile.lock\" \"${PODS_ROOT}/Manifest.lock\" > /dev/null\nif [ $? != 0 ] ; then\n    # print error to STDERR\n    echo \"error: The sandbox is not in sync with the Podfile.lock. Run 'pod install' or update your CocoaPods installation.\" >&2\n    exit 1\nfi\n# This output is used by Xcode 'outputs' to avoid re-running this script phase.\necho \"SUCCESS\" > \"${SCRIPT_OUTPUT_FILE_0}\"\n";
			showEnvVarsInLog = 0;
		};
/* End PBXShellScriptBuildPhase section */

/* Begin PBXSourcesBuildPhase section */
		E78C502B1F0CD5D90034226F /* Sources */ = {
			isa = PBXSourcesBuildPhase;
			buildActionMask = 2147483647;
			files = (
				FE9470E11F54D94A00F0E45F /* UserSearchCVCell.swift in Sources */,
				FEA9F2D01F51EE2F0022A939 /* FirebaseUtils.swift in Sources */,
				FEBB7C43201D71C800ACD87A /* ExploreController.swift in Sources */,
				FEA0AD4F20E688F5001826D2 /* UserProfileVideoPlayer.swift in Sources */,
				E78C50351F0CD5D90034226F /* SignUpController.swift in Sources */,
				FEBB7C4C201D73D700ACD87A /* Date.swift in Sources */,
				E7C556171F0F29A500867FFA /* MainTabBarController.swift in Sources */,
				E7C5561C1F1032EB00867FFA /* UserProfileHeader.swift in Sources */,
				FEBB7C4A201D73CD00ACD87A /* Constraints.swift in Sources */,
				E7C556191F0F2A7A00867FFA /* UserProfileController.swift in Sources */,
				FEA9F2D41F51F1010022A939 /* UserSearchController.swift in Sources */,
				FEBB7C48201D73C400ACD87A /* UserDefaults+isFirstLaunch.swift in Sources */,
				FE9470DD1F54A68900F0E45F /* UserSearchCV.swift in Sources */,
				FE7A2DB51F2F86A0002C79F2 /* UserProfileVideoCell.swift in Sources */,
				FEBB7C4E201D73E100ACD87A /* RGB.swift in Sources */,
				FE70E5141F60D9E600AF4D50 /* ExploreCell.swift in Sources */,
				FEBB7C41201D71C100ACD87A /* HomeControllerHeader.swift in Sources */,
				E78C50331F0CD5D90034226F /* AppDelegate.swift in Sources */,
				E7C5561E1F10C94000867FFA /* LoginController.swift in Sources */,
				FE6FF0791F3A423F001C3B1A /* CustomImageView.swift in Sources */,
				FE5B53F81F39339E00B09CDE /* HomeController.swift in Sources */,
				FEA9F2CE1F51E58C0022A939 /* User.swift in Sources */,
				FE9470E31F55318200F0E45F /* Global.swift in Sources */,
				FE03F3761F374EAF00C9C1D2 /* Post.swift in Sources */,
				FE66A9F72022BD6D00B193A8 /* HomeControllerVideoPlayer.swift in Sources */,
				FE7C87A2209344B70031576B /* ExploreVideoPlayerController.swift in Sources */,
				FE219D042038AF03008166C3 /* MessageComposer.swift in Sources */,
				E7C556221F11A4DD00867FFA /* VideoSelectorController.swift in Sources */,
				FE5B53FB1F393EB500B09CDE /* HomePostCell.swift in Sources */,
			);
			runOnlyForDeploymentPostprocessing = 0;
		};
/* End PBXSourcesBuildPhase section */

/* Begin PBXVariantGroup section */
		E78C503B1F0CD5D90034226F /* LaunchScreen.storyboard */ = {
			isa = PBXVariantGroup;
			children = (
				E78C503C1F0CD5D90034226F /* Base */,
			);
			name = LaunchScreen.storyboard;
			path = "Story Time";
			sourceTree = "<group>";
		};
/* End PBXVariantGroup section */

/* Begin XCBuildConfiguration section */
		E78C503F1F0CD5D90034226F /* Debug */ = {
			isa = XCBuildConfiguration;
			buildSettings = {
				ALWAYS_SEARCH_USER_PATHS = NO;
				CLANG_ANALYZER_NONNULL = YES;
				CLANG_ANALYZER_NUMBER_OBJECT_CONVERSION = YES_AGGRESSIVE;
				CLANG_CXX_LANGUAGE_STANDARD = "gnu++0x";
				CLANG_CXX_LIBRARY = "libc++";
				CLANG_ENABLE_MODULES = YES;
				CLANG_ENABLE_OBJC_ARC = YES;
				CLANG_WARN_BLOCK_CAPTURE_AUTORELEASING = YES;
				CLANG_WARN_BOOL_CONVERSION = YES;
				CLANG_WARN_COMMA = YES;
				CLANG_WARN_CONSTANT_CONVERSION = YES;
				CLANG_WARN_DEPRECATED_OBJC_IMPLEMENTATIONS = YES;
				CLANG_WARN_DIRECT_OBJC_ISA_USAGE = YES_ERROR;
				CLANG_WARN_DOCUMENTATION_COMMENTS = YES;
				CLANG_WARN_EMPTY_BODY = YES;
				CLANG_WARN_ENUM_CONVERSION = YES;
				CLANG_WARN_INFINITE_RECURSION = YES;
				CLANG_WARN_INT_CONVERSION = YES;
				CLANG_WARN_NON_LITERAL_NULL_CONVERSION = YES;
				CLANG_WARN_OBJC_IMPLICIT_RETAIN_SELF = YES;
				CLANG_WARN_OBJC_LITERAL_CONVERSION = YES;
				CLANG_WARN_OBJC_ROOT_CLASS = YES_ERROR;
				CLANG_WARN_RANGE_LOOP_ANALYSIS = YES;
				CLANG_WARN_STRICT_PROTOTYPES = YES;
				CLANG_WARN_SUSPICIOUS_MOVE = YES;
				CLANG_WARN_UNREACHABLE_CODE = YES;
				CLANG_WARN__DUPLICATE_METHOD_MATCH = YES;
				"CODE_SIGN_IDENTITY[sdk=iphoneos*]" = "iPhone Developer";
				COPY_PHASE_STRIP = NO;
				DEBUG_INFORMATION_FORMAT = dwarf;
				ENABLE_STRICT_OBJC_MSGSEND = YES;
				ENABLE_TESTABILITY = YES;
				GCC_C_LANGUAGE_STANDARD = gnu99;
				GCC_DYNAMIC_NO_PIC = NO;
				GCC_NO_COMMON_BLOCKS = YES;
				GCC_OPTIMIZATION_LEVEL = 0;
				GCC_PREPROCESSOR_DEFINITIONS = (
					"DEBUG=1",
					"$(inherited)",
				);
				GCC_WARN_64_TO_32_BIT_CONVERSION = YES;
				GCC_WARN_ABOUT_RETURN_TYPE = YES_ERROR;
				GCC_WARN_UNDECLARED_SELECTOR = YES;
				GCC_WARN_UNINITIALIZED_AUTOS = YES_AGGRESSIVE;
				GCC_WARN_UNUSED_FUNCTION = YES;
				GCC_WARN_UNUSED_VARIABLE = YES;
				IPHONEOS_DEPLOYMENT_TARGET = 10.3;
				MTL_ENABLE_DEBUG_INFO = YES;
				ONLY_ACTIVE_ARCH = YES;
				SDKROOT = iphoneos;
				SWIFT_ACTIVE_COMPILATION_CONDITIONS = DEBUG;
				SWIFT_OPTIMIZATION_LEVEL = "-Onone";
			};
			name = Debug;
		};
		E78C50401F0CD5D90034226F /* Release */ = {
			isa = XCBuildConfiguration;
			buildSettings = {
				ALWAYS_SEARCH_USER_PATHS = NO;
				CLANG_ANALYZER_NONNULL = YES;
				CLANG_ANALYZER_NUMBER_OBJECT_CONVERSION = YES_AGGRESSIVE;
				CLANG_CXX_LANGUAGE_STANDARD = "gnu++0x";
				CLANG_CXX_LIBRARY = "libc++";
				CLANG_ENABLE_MODULES = YES;
				CLANG_ENABLE_OBJC_ARC = YES;
				CLANG_WARN_BLOCK_CAPTURE_AUTORELEASING = YES;
				CLANG_WARN_BOOL_CONVERSION = YES;
				CLANG_WARN_COMMA = YES;
				CLANG_WARN_CONSTANT_CONVERSION = YES;
				CLANG_WARN_DEPRECATED_OBJC_IMPLEMENTATIONS = YES;
				CLANG_WARN_DIRECT_OBJC_ISA_USAGE = YES_ERROR;
				CLANG_WARN_DOCUMENTATION_COMMENTS = YES;
				CLANG_WARN_EMPTY_BODY = YES;
				CLANG_WARN_ENUM_CONVERSION = YES;
				CLANG_WARN_INFINITE_RECURSION = YES;
				CLANG_WARN_INT_CONVERSION = YES;
				CLANG_WARN_NON_LITERAL_NULL_CONVERSION = YES;
				CLANG_WARN_OBJC_IMPLICIT_RETAIN_SELF = YES;
				CLANG_WARN_OBJC_LITERAL_CONVERSION = YES;
				CLANG_WARN_OBJC_ROOT_CLASS = YES_ERROR;
				CLANG_WARN_RANGE_LOOP_ANALYSIS = YES;
				CLANG_WARN_STRICT_PROTOTYPES = YES;
				CLANG_WARN_SUSPICIOUS_MOVE = YES;
				CLANG_WARN_UNREACHABLE_CODE = YES;
				CLANG_WARN__DUPLICATE_METHOD_MATCH = YES;
				"CODE_SIGN_IDENTITY[sdk=iphoneos*]" = "iPhone Developer";
				COPY_PHASE_STRIP = NO;
				DEBUG_INFORMATION_FORMAT = "dwarf-with-dsym";
				ENABLE_NS_ASSERTIONS = NO;
				ENABLE_STRICT_OBJC_MSGSEND = YES;
				GCC_C_LANGUAGE_STANDARD = gnu99;
				GCC_NO_COMMON_BLOCKS = YES;
				GCC_WARN_64_TO_32_BIT_CONVERSION = YES;
				GCC_WARN_ABOUT_RETURN_TYPE = YES_ERROR;
				GCC_WARN_UNDECLARED_SELECTOR = YES;
				GCC_WARN_UNINITIALIZED_AUTOS = YES_AGGRESSIVE;
				GCC_WARN_UNUSED_FUNCTION = YES;
				GCC_WARN_UNUSED_VARIABLE = YES;
				IPHONEOS_DEPLOYMENT_TARGET = 10.3;
				MTL_ENABLE_DEBUG_INFO = NO;
				SDKROOT = iphoneos;
				SWIFT_OPTIMIZATION_LEVEL = "-Owholemodule";
				VALIDATE_PRODUCT = YES;
			};
			name = Release;
		};
		E78C50421F0CD5D90034226F /* Debug */ = {
			isa = XCBuildConfiguration;
			baseConfigurationReference = E8E8DD054DBEDFBCF8460568 /* Pods-Story Time.debug.xcconfig */;
			buildSettings = {
				ASSETCATALOG_COMPILER_APPICON_NAME = AppIcon;
				DEVELOPMENT_TEAM = RL292UUN9S;
				INFOPLIST_FILE = "$(SRCROOT)/Story Time/Info.plist";
				IPHONEOS_DEPLOYMENT_TARGET = 10.3;
				LD_RUNPATH_SEARCH_PATHS = "$(inherited) @executable_path/Frameworks";
				PRODUCT_BUNDLE_IDENTIFIER = "-com.erik.storytime.xxx";
				PRODUCT_NAME = "$(TARGET_NAME)";
				SWIFT_SWIFT3_OBJC_INFERENCE = On;
				SWIFT_VERSION = 4.0;
			};
			name = Debug;
		};
		E78C50431F0CD5D90034226F /* Release */ = {
			isa = XCBuildConfiguration;
			baseConfigurationReference = 94B3E636E83195EE000CB30A /* Pods-Story Time.release.xcconfig */;
			buildSettings = {
				ASSETCATALOG_COMPILER_APPICON_NAME = AppIcon;
				DEVELOPMENT_TEAM = RL292UUN9S;
				INFOPLIST_FILE = "$(SRCROOT)/Story Time/Info.plist";
				IPHONEOS_DEPLOYMENT_TARGET = 10.3;
				LD_RUNPATH_SEARCH_PATHS = "$(inherited) @executable_path/Frameworks";
				PRODUCT_BUNDLE_IDENTIFIER = "-com.erik.storytime.xxx";
				PRODUCT_NAME = "$(TARGET_NAME)";
				SWIFT_SWIFT3_OBJC_INFERENCE = On;
				SWIFT_VERSION = 4.0;
			};
			name = Release;
		};
/* End XCBuildConfiguration section */

/* Begin XCConfigurationList section */
		E78C502A1F0CD5D90034226F /* Build configuration list for PBXProject "Story Time" */ = {
			isa = XCConfigurationList;
			buildConfigurations = (
				E78C503F1F0CD5D90034226F /* Debug */,
				E78C50401F0CD5D90034226F /* Release */,
			);
			defaultConfigurationIsVisible = 0;
			defaultConfigurationName = Release;
		};
		E78C50411F0CD5D90034226F /* Build configuration list for PBXNativeTarget "Story Time" */ = {
			isa = XCConfigurationList;
			buildConfigurations = (
				E78C50421F0CD5D90034226F /* Debug */,
				E78C50431F0CD5D90034226F /* Release */,
			);
			defaultConfigurationIsVisible = 0;
			defaultConfigurationName = Release;
		};
/* End XCConfigurationList section */
	};
	rootObject = E78C50271F0CD5D90034226F /* Project object */;
}
